
Microsoft Visual Studio Solution File, Format Version 12.00
# Visual Studio 15
VisualStudioVersion = 15.0.28307.1433
MinimumVisualStudioVersion = 10.0.40219.1
Project("{FAE04EC0-301F-11D3-BF4B-00C04F79EFBC}") = "AutoCompany", "AutoCompany\AutoCompany.csproj", "{197B8F27-1505-430A-ABD2-F9FB01D8341D}"
EndProject
Global
	GlobalSection(SolutionConfigurationPlatforms) = preSolution
		Debug|Any CPU = Debug|Any CPU
		Release|Any CPU = Release|Any CPU
	EndGlobalSection
	GlobalSection(ProjectConfigurationPlatforms) = postSolution
		{197B8F27-1505-430A-ABD2-F9FB01D8341D}.Debug|Any CPU.ActiveCfg = Debug|Any CPU
		{197B8F27-1505-430A-ABD2-F9FB01D8341D}.Debug|Any CPU.Build.0 = Debug|Any CPU
		{197B8F27-1505-430A-ABD2-F9FB01D8341D}.Release|Any CPU.ActiveCfg = Release|Any CPU
		{197B8F27-1505-430A-ABD2-F9FB01D8341D}.Release|Any CPU.Build.0 = Release|Any CPU
	EndGlobalSection
	GlobalSection(SolutionProperties) = preSolution
		HideSolutionNode = FALSE
	EndGlobalSection
	GlobalSection(ExtensibilityGlobals) = postSolution
		SolutionGuid = {987A0C21-2BEC-4672-8339-F250B0755A4C}
	EndGlobalSection
EndGlobal
